github.com/joho/godotenv v1.5.1 h1:7eLL/+HRGLY0ldzfGMeQkb7vMd0as4CfYvUVzLqw0N0=
github.com/joho/godotenv v1.5.1/go.mod h1:f4LDr5Voq0i2e/R5DDNOoa2zzDfwtkZa6DnEwAbqwq4=
github.com/shopspring/decimal v1.3.1 h1:2Usl1nmF/WZucqkFZhnfFYxxxu8LG21F6nPQBE5gKV8=
github.com/shopspring/decimal v1.3.1/go.mod h1:DKyhrW/HYNuLGql+MJL6WCR6knT2jwCFRcu2hWCYk4o=
github.com/steebchen/prisma-client-go v0.35.0/go.mod h1:shY2GTQyv15WYTE4p2zffr01ratTzX0zXtBWnDHiLpo=
github.com/steebchen/prisma-client-go v0.36.0 h1:jy0S4Eqme4oHQS/ZCqXI2vYPEwW4eJRV/3bSA0BN5C0=
github.com/steebchen/prisma-client-go v0.36.0/go.mod h1:ImB+P8NBQ3zlY6MgGC/+jrtntXbj1UXwRfWrHQwNKEo=
